
Microsoft Visual Studio Solution File, Format Version 11.00
# Visual Studio 2010
Project("{FAE04EC0-301F-11D3-BF4B-00C04F79EFBC}") = "Assembly-CSharp", "Assembly-CSharp.csproj", "{BE7E08C3-80B6-30D6-8D82-046E87F57D30}"
EndProject
Project("{FAE04EC0-301F-11D3-BF4B-00C04F79EFBC}") = "Assembly-CSharp-Editor", "Assembly-CSharp-Editor.csproj", "{2A1B45E4-E4E6-7556-5F51-C3B233859885}"
EndProject
Global
	GlobalSection(SolutionConfigurationPlatforms) = preSolution
		Debug|Any CPU = Debug|Any CPU
		Release|Any CPU = Release|Any CPU
	EndGlobalSection
	GlobalSection(ProjectConfigurationPlatforms) = postSolution
		{BE7E08C3-80B6-30D6-8D82-046E87F57D30}.Debug|Any CPU.ActiveCfg = Debug|Any CPU
		{BE7E08C3-80B6-30D6-8D82-046E87F57D30}.Debug|Any CPU.Build.0 = Debug|Any CPU
		{BE7E08C3-80B6-30D6-8D82-046E87F57D30}.Release|Any CPU.ActiveCfg = Release|Any CPU
		{BE7E08C3-80B6-30D6-8D82-046E87F57D30}.Release|Any CPU.Build.0 = Release|Any CPU
		{2A1B45E4-E4E6-7556-5F51-C3B233859885}.Debug|Any CPU.ActiveCfg = Debug|Any CPU
		{2A1B45E4-E4E6-7556-5F51-C3B233859885}.Debug|Any CPU.Build.0 = Debug|Any CPU
		{2A1B45E4-E4E6-7556-5F51-C3B233859885}.Release|Any CPU.ActiveCfg = Release|Any CPU
		{2A1B45E4-E4E6-7556-5F51-C3B233859885}.Release|Any CPU.Build.0 = Release|Any CPU
	EndGlobalSection
	GlobalSection(SolutionProperties) = preSolution
		HideSolutionNode = FALSE
	EndGlobalSection
EndGlobal
